// !$*UTF8*$!
{
	archiveVersion = 1;
	classes = {
	};
	objectVersion = 50;
	objects = {

/* Begin PBXBuildFile section */
		5144BFD0229EB2CA00BA1525 /* AppDelegate.swift in Sources */ = {isa = PBXBuildFile; fileRef = 5144BFCF229EB2CA00BA1525 /* AppDelegate.swift */; };
		5144BFD2229EB2CA00BA1525 /* HistoryViewController.swift in Sources */ = {isa = PBXBuildFile; fileRef = 5144BFD1229EB2CA00BA1525 /* HistoryViewController.swift */; };
		5144BFD5229EB2CA00BA1525 /* Main.storyboard in Resources */ = {isa = PBXBuildFile; fileRef = 5144BFD3229EB2CA00BA1525 /* Main.storyboard */; };
		5144BFD8229EB2CA00BA1525 /* MVVMProject.xcdatamodeld in Sources */ = {isa = PBXBuildFile; fileRef = 5144BFD6229EB2CA00BA1525 /* MVVMProject.xcdatamodeld */; };
		5144BFDA229EB2CB00BA1525 /* Assets.xcassets in Resources */ = {isa = PBXBuildFile; fileRef = 5144BFD9229EB2CB00BA1525 /* Assets.xcassets */; };
		5144BFDD229EB2CB00BA1525 /* LaunchScreen.storyboard in Resources */ = {isa = PBXBuildFile; fileRef = 5144BFDB229EB2CB00BA1525 /* LaunchScreen.storyboard */; };
		5144BFE9229EB33F00BA1525 /* DataRepository.swift in Sources */ = {isa = PBXBuildFile; fileRef = 5144BFE8229EB33F00BA1525 /* DataRepository.swift */; };
		5144BFEC229EB3D600BA1525 /* MetaData.swift in Sources */ = {isa = PBXBuildFile; fileRef = 5144BFEB229EB3D600BA1525 /* MetaData.swift */; };
		5144BFEE229EB57600BA1525 /* API_Provider.swift in Sources */ = {isa = PBXBuildFile; fileRef = 5144BFED229EB57600BA1525 /* API_Provider.swift */; };
		5144BFF2229EB8C600BA1525 /* HistoryPresenter.swift in Sources */ = {isa = PBXBuildFile; fileRef = 5144BFF1229EB8C600BA1525 /* HistoryPresenter.swift */; };
		5144BFF6229EBAF700BA1525 /* HistoryContract.swift in Sources */ = {isa = PBXBuildFile; fileRef = 5144BFF5229EBAF700BA1525 /* HistoryContract.swift */; };
/* End PBXBuildFile section */

/* Begin PBXFileReference section */
		5144BFCC229EB2CA00BA1525 /* MVVMProject.app */ = {isa = PBXFileReference; explicitFileType = wrapper.application; includeInIndex = 0; path = MVVMProject.app; sourceTree = BUILT_PRODUCTS_DIR; };
		5144BFCF229EB2CA00BA1525 /* AppDelegate.swift */ = {isa = PBXFileReference; lastKnownFileType = sourcecode.swift; path = AppDelegate.swift; sourceTree = "<group>"; };
		5144BFD1229EB2CA00BA1525 /* HistoryViewController.swift */ = {isa = PBXFileReference; lastKnownFileType = sourcecode.swift; path = HistoryViewController.swift; sourceTree = "<group>"; };
		5144BFD4229EB2CA00BA1525 /* Base */ = {isa = PBXFileReference; lastKnownFileType = file.storyboard; name = Base; path = Base.lproj/Main.storyboard; sourceTree = "<group>"; };
		5144BFD7229EB2CA00BA1525 /* MVVMProject.xcdatamodel */ = {isa = PBXFileReference; lastKnownFileType = wrapper.xcdatamodel; path = MVVMProject.xcdatamodel; sourceTree = "<group>"; };
		5144BFD9229EB2CB00BA1525 /* Assets.xcassets */ = {isa = PBXFileReference; lastKnownFileType = folder.assetcatalog; path = Assets.xcassets; sourceTree = "<group>"; };
		5144BFDC229EB2CB00BA1525 /* Base */ = {isa = PBXFileReference; lastKnownFileType = file.storyboard; name = Base; path = Base.lproj/LaunchScreen.storyboard; sourceTree = "<group>"; };
		5144BFDE229EB2CB00BA1525 /* Info.plist */ = {isa = PBXFileReference; lastKnownFileType = text.plist.xml; path = Info.plist; sourceTree = "<group>"; };
		5144BFE8229EB33F00BA1525 /* DataRepository.swift */ = {isa = PBXFileReference; lastKnownFileType = sourcecode.swift; path = DataRepository.swift; sourceTree = "<group>"; };
		5144BFEB229EB3D600BA1525 /* MetaData.swift */ = {isa = PBXFileReference; lastKnownFileType = sourcecode.swift; path = MetaData.swift; sourceTree = "<group>"; };
		5144BFED229EB57600BA1525 /* API_Provider.swift */ = {isa = PBXFileReference; lastKnownFileType = sourcecode.swift; path = API_Provider.swift; sourceTree = "<group>"; };
		5144BFF1229EB8C600BA1525 /* HistoryPresenter.swift */ = {isa = PBXFileReference; lastKnownFileType = sourcecode.swift; path = HistoryPresenter.swift; sourceTree = "<group>"; };
		5144BFF5229EBAF700BA1525 /* HistoryContract.swift */ = {isa = PBXFileReference; lastKnownFileType = sourcecode.swift; path = HistoryContract.swift; sourceTree = "<group>"; };
/* End PBXFileReference section */

/* Begin PBXFrameworksBuildPhase section */
		5144BFC9229EB2CA00BA1525 /* Frameworks */ = {
			isa = PBXFrameworksBuildPhase;
			buildActionMask = 2147483647;
			files = (
			);
			runOnlyForDeploymentPostprocessing = 0;
		};
/* End PBXFrameworksBuildPhase section */

/* Begin PBXGroup section */
		5144BFC3229EB2CA00BA1525 = {
			isa = PBXGroup;
			children = (
				5144BFCE229EB2CA00BA1525 /* MVVMProject */,
				5144BFCD229EB2CA00BA1525 /* Products */,
			);
			sourceTree = "<group>";
		};
		5144BFCD229EB2CA00BA1525 /* Products */ = {
			isa = PBXGroup;
			children = (
				5144BFCC229EB2CA00BA1525 /* MVVMProject.app */,
			);
			name = Products;
			sourceTree = "<group>";
		};
		5144BFCE229EB2CA00BA1525 /* MVVMProject */ = {
			isa = PBXGroup;
			children = (
				5144BFF9229EBCC600BA1525 /* HistoryVIew */,
				5144BFEA229EB3AD00BA1525 /* POJO */,
				5144BFE4229EB2F600BA1525 /* Model */,
				5144BFCF229EB2CA00BA1525 /* AppDelegate.swift */,
				5144BFD3229EB2CA00BA1525 /* Main.storyboard */,
				5144BFD9229EB2CB00BA1525 /* Assets.xcassets */,
				5144BFDB229EB2CB00BA1525 /* LaunchScreen.storyboard */,
				5144BFDE229EB2CB00BA1525 /* Info.plist */,
				5144BFD6229EB2CA00BA1525 /* MVVMProject.xcdatamodeld */,
			);
			path = MVVMProject;
			sourceTree = "<group>";
		};
		5144BFE4229EB2F600BA1525 /* Model */ = {
			isa = PBXGroup;
			children = (
				5144BFE7229EB31000BA1525 /* Remote */,
				5144BFE5229EB2FD00BA1525 /* Local */,
				5144BFE8229EB33F00BA1525 /* DataRepository.swift */,
			);
			path = Model;
			sourceTree = "<group>";
		};
		5144BFE5229EB2FD00BA1525 /* Local */ = {
			isa = PBXGroup;
			children = (
			);
			path = Local;
			sourceTree = "<group>";
		};
		5144BFE7229EB31000BA1525 /* Remote */ = {
			isa = PBXGroup;
			children = (
				5144BFED229EB57600BA1525 /* API_Provider.swift */,
			);
			path = Remote;
			sourceTree = "<group>";
		};
		5144BFEA229EB3AD00BA1525 /* POJO */ = {
			isa = PBXGroup;
			children = (
				5144BFEB229EB3D600BA1525 /* MetaData.swift */,
			);
			path = POJO;
			sourceTree = "<group>";
		};
		5144BFF9229EBCC600BA1525 /* HistoryVIew */ = {
			isa = PBXGroup;
			children = (
				5144BFD1229EB2CA00BA1525 /* HistoryViewController.swift */,
				5144BFF5229EBAF700BA1525 /* HistoryContract.swift */,
				5144BFF1229EB8C600BA1525 /* HistoryPresenter.swift */,
			);
			path = HistoryVIew;
			sourceTree = "<group>";
		};
/* End PBXGroup section */

/* Begin PBXNativeTarget section */
		5144BFCB229EB2CA00BA1525 /* MVVMProject */ = {
			isa = PBXNativeTarget;
			buildConfigurationList = 5144BFE1229EB2CB00BA1525 /* Build configuration list for PBXNativeTarget "MVVMProject" */;
			buildPhases = (
				5144BFC8229EB2CA00BA1525 /* Sources */,
				5144BFC9229EB2CA00BA1525 /* Frameworks */,
				5144BFCA229EB2CA00BA1525 /* Resources */,
			);
			buildRules = (
			);
			dependencies = (
			);
			name = MVVMProject;
			productName = MVVMProject;
			productReference = 5144BFCC229EB2CA00BA1525 /* MVVMProject.app */;
			productType = "com.apple.product-type.application";
		};
/* End PBXNativeTarget section */

/* Begin PBXProject section */
		5144BFC4229EB2CA00BA1525 /* Project object */ = {
			isa = PBXProject;
			attributes = {
				LastSwiftUpdateCheck = 1010;
				LastUpgradeCheck = 1010;
				ORGANIZATIONNAME = "Mohamed Nagi";
				TargetAttributes = {
					5144BFCB229EB2CA00BA1525 = {
						CreatedOnToolsVersion = 10.1;
					};
				};
			};
			buildConfigurationList = 5144BFC7229EB2CA00BA1525 /* Build configuration list for PBXProject "MVVMProject" */;
			compatibilityVersion = "Xcode 9.3";
			developmentRegion = en;
			hasScannedForEncodings = 0;
			knownRegions = (
				en,
				Base,
			);
			mainGroup = 5144BFC3229EB2CA00BA1525;
			productRefGroup = 5144BFCD229EB2CA00BA1525 /* Products */;
			projectDirPath = "";
			projectRoot = "";
			targets = (
				5144BFCB229EB2CA00BA1525 /* MVVMProject */,
			);
		};
/* End PBXProject section */

/* Begin PBXResourcesBuildPhase section */
		5144BFCA229EB2CA00BA1525 /* Resources */ = {
			isa = PBXResourcesBuildPhase;
			buildActionMask = 2147483647;
			files = (
				5144BFDD229EB2CB00BA1525 /* LaunchScreen.storyboard in Resources */,
				5144BFDA229EB2CB00BA1525 /* Assets.xcassets in Resources */,
				5144BFD5229EB2CA00BA1525 /* Main.storyboard in Resources */,
			);
			runOnlyForDeploymentPostprocessing = 0;
		};
/* End PBXResourcesBuildPhase section */

/* Begin PBXSourcesBuildPhase section */
		5144BFC8229EB2CA00BA1525 /* Sources */ = {
			isa = PBXSourcesBuildPhase;
			buildActionMask = 2147483647;
			files = (
				5144BFD8229EB2CA00BA1525 /* MVVMProject.xcdatamodeld in Sources */,
				5144BFE9229EB33F00BA1525 /* DataRepository.swift in Sources */,
				5144BFD2229EB2CA00BA1525 /* HistoryViewController.swift in Sources */,
				5144BFEE229EB57600BA1525 /* API_Provider.swift in Sources */,
				5144BFD0229EB2CA00BA1525 /* AppDelegate.swift in Sources */,
				5144BFEC229EB3D600BA1525 /* MetaData.swift in Sources */,
				5144BFF2229EB8C600BA1525 /* HistoryPresenter.swift in Sources */,
				5144BFF6229EBAF700BA1525 /* HistoryContract.swift in Sources */,
			);
			runOnlyForDeploymentPostprocessing = 0;
		};
/* End PBXSourcesBuildPhase section */

/* Begin PBXVariantGroup section */
		5144BFD3229EB2CA00BA1525 /* Main.storyboard */ = {
			isa = PBXVariantGroup;
			children = (
				5144BFD4229EB2CA00BA1525 /* Base */,
			);
			name = Main.storyboard;
			sourceTree = "<group>";
		};
		5144BFDB229EB2CB00BA1525 /* LaunchScreen.storyboard */ = {
			isa = PBXVariantGroup;
			children = (
				5144BFDC229EB2CB00BA1525 /* Base */,
			);
			name = LaunchScreen.storyboard;
			sourceTree = "<group>";
		};
/* End PBXVariantGroup section */

/* Begin XCBuildConfiguration section */
		5144BFDF229EB2CB00BA1525 /* Debug */ = {
			isa = XCBuildConfiguration;
			buildSettings = {
				ALWAYS_SEARCH_USER_PATHS = NO;
				CLANG_ANALYZER_NONNULL = YES;
				CLANG_ANALYZER_NUMBER_OBJECT_CONVERSION = YES_AGGRESSIVE;
				CLANG_CXX_LANGUAGE_STANDARD = "gnu++14";
				CLANG_CXX_LIBRARY = "libc++";
				CLANG_ENABLE_MODULES = YES;
				CLANG_ENABLE_OBJC_ARC = YES;
				CLANG_ENABLE_OBJC_WEAK = YES;
				CLANG_WARN_BLOCK_CAPTURE_AUTORELEASING = YES;
				CLANG_WARN_BOOL_CONVERSION = YES;
				CLANG_WARN_COMMA = YES;
				CLANG_WARN_CONSTANT_CONVERSION = YES;
				CLANG_WARN_DEPRECATED_OBJC_IMPLEMENTATIONS = YES;
				CLANG_WARN_DIRECT_OBJC_ISA_USAGE = YES_ERROR;
				CLANG_WARN_DOCUMENTATION_COMMENTS = YES;
				CLANG_WARN_EMPTY_BODY = YES;
				CLANG_WARN_ENUM_CONVERSION = YES;
				CLANG_WARN_INFINITE_RECURSION = YES;
				CLANG_WARN_INT_CONVERSION = YES;
				CLANG_WARN_NON_LITERAL_NULL_CONVERSION = YES;
				CLANG_WARN_OBJC_IMPLICIT_RETAIN_SELF = YES;
				CLANG_WARN_OBJC_LITERAL_CONVERSION = YES;
				CLANG_WARN_OBJC_ROOT_CLASS = YES_ERROR;
				CLANG_WARN_RANGE_LOOP_ANALYSIS = YES;
				CLANG_WARN_STRICT_PROTOTYPES = YES;
				CLANG_WARN_SUSPICIOUS_MOVE = YES;
				CLANG_WARN_UNGUARDED_AVAILABILITY = YES_AGGRESSIVE;
				CLANG_WARN_UNREACHABLE_CODE = YES;
				CLANG_WARN__DUPLICATE_METHOD_MATCH = YES;
				CODE_SIGN_IDENTITY = "iPhone Developer";
				COPY_PHASE_STRIP = NO;
				DEBUG_INFORMATION_FORMAT = dwarf;
				ENABLE_STRICT_OBJC_MSGSEND = YES;
				ENABLE_TESTABILITY = YES;
				GCC_C_LANGUAGE_STANDARD = gnu11;
				GCC_DYNAMIC_NO_PIC = NO;
				GCC_NO_COMMON_BLOCKS = YES;
				GCC_OPTIMIZATION_LEVEL = 0;
				GCC_PREPROCESSOR_DEFINITIONS = (
					"DEBUG=1",
					"$(inherited)",
				);
				GCC_WARN_64_TO_32_BIT_CONVERSION = YES;
				GCC_WARN_ABOUT_RETURN_TYPE = YES_ERROR;
				GCC_WARN_UNDECLARED_SELECTOR = YES;
				GCC_WARN_UNINITIALIZED_AUTOS = YES_AGGRESSIVE;
				GCC_WARN_UNUSED_FUNCTION = YES;
				GCC_WARN_UNUSED_VARIABLE = YES;
				IPHONEOS_DEPLOYMENT_TARGET = 12.1;
				MTL_ENABLE_DEBUG_INFO = INCLUDE_SOURCE;
				MTL_FAST_MATH = YES;
				ONLY_ACTIVE_ARCH = YES;
				SDKROOT = iphoneos;
				SWIFT_ACTIVE_COMPILATION_CONDITIONS = DEBUG;
				SWIFT_OPTIMIZATION_LEVEL = "-Onone";
			};
			name = Debug;
		};
		5144BFE0229EB2CB00BA1525 /* Release */ = {
			isa = XCBuildConfiguration;
			buildSettings = {
				ALWAYS_SEARCH_USER_PATHS = NO;
				CLANG_ANALYZER_NONNULL = YES;
				CLANG_ANALYZER_NUMBER_OBJECT_CONVERSION = YES_AGGRESSIVE;
				CLANG_CXX_LANGUAGE_STANDARD = "gnu++14";
				CLANG_CXX_LIBRARY = "libc++";
				CLANG_ENABLE_MODULES = YES;
				CLANG_ENABLE_OBJC_ARC = YES;
				CLANG_ENABLE_OBJC_WEAK = YES;
				CLANG_WARN_BLOCK_CAPTURE_AUTORELEASING = YES;
				CLANG_WARN_BOOL_CONVERSION = YES;
				CLANG_WARN_COMMA = YES;
				CLANG_WARN_CONSTANT_CONVERSION = YES;
				CLANG_WARN_DEPRECATED_OBJC_IMPLEMENTATIONS = YES;
				CLANG_WARN_DIRECT_OBJC_ISA_USAGE = YES_ERROR;
				CLANG_WARN_DOCUMENTATION_COMMENTS = YES;
				CLANG_WARN_EMPTY_BODY = YES;
				CLANG_WARN_ENUM_CONVERSION = YES;
				CLANG_WARN_INFINITE_RECURSION = YES;
				CLANG_WARN_INT_CONVERSION = YES;
				CLANG_WARN_NON_LITERAL_NULL_CONVERSION = YES;
				CLANG_WARN_OBJC_IMPLICIT_RETAIN_SELF = YES;
				CLANG_WARN_OBJC_LITERAL_CONVERSION = YES;
				CLANG_WARN_OBJC_ROOT_CLASS = YES_ERROR;
				CLANG_WARN_RANGE_LOOP_ANALYSIS = YES;
				CLANG_WARN_STRICT_PROTOTYPES = YES;
				CLANG_WARN_SUSPICIOUS_MOVE = YES;
				CLANG_WARN_UNGUARDED_AVAILABILITY = YES_AGGRESSIVE;
				CLANG_WARN_UNREACHABLE_CODE = YES;
				CLANG_WARN__DUPLICATE_METHOD_MATCH = YES;
				CODE_SIGN_IDENTITY = "iPhone Developer";
				COPY_PHASE_STRIP = NO;
				DEBUG_INFORMATION_FORMAT = "dwarf-with-dsym";
				ENABLE_NS_ASSERTIONS = NO;
				ENABLE_STRICT_OBJC_MSGSEND = YES;
				GCC_C_LANGUAGE_STANDARD = gnu11;
				GCC_NO_COMMON_BLOCKS = YES;
				GCC_WARN_64_TO_32_BIT_CONVERSION = YES;
				GCC_WARN_ABOUT_RETURN_TYPE = YES_ERROR;
				GCC_WARN_UNDECLARED_SELECTOR = YES;
				GCC_WARN_UNINITIALIZED_AUTOS = YES_AGGRESSIVE;
				GCC_WARN_UNUSED_FUNCTION = YES;
				GCC_WARN_UNUSED_VARIABLE = YES;
				IPHONEOS_DEPLOYMENT_TARGET = 12.1;
				MTL_ENABLE_DEBUG_INFO = NO;
				MTL_FAST_MATH = YES;
				SDKROOT = iphoneos;
				SWIFT_COMPILATION_MODE = wholemodule;
				SWIFT_OPTIMIZATION_LEVEL = "-O";
				VALIDATE_PRODUCT = YES;
			};
			name = Release;
		};
		5144BFE2229EB2CB00BA1525 /* Debug */ = {
			isa = XCBuildConfiguration;
			buildSettings = {
				ASSETCATALOG_COMPILER_APPICON_NAME = AppIcon;
				CODE_SIGN_STYLE = Automatic;
				DEVELOPMENT_TEAM = RKVSSJM9UR;
				INFOPLIST_FILE = MVVMProject/Info.plist;
				LD_RUNPATH_SEARCH_PATHS = (
					"$(inherited)",
					"@executable_path/Frameworks",
				);
				PRODUCT_BUNDLE_IDENTIFIER = com.BrightCreations.MVVMProject;
				PRODUCT_NAME = "$(TARGET_NAME)";
				SWIFT_VERSION = 4.2;
				TARGETED_DEVICE_FAMILY = "1,2";
			};
			name = Debug;
		};
		5144BFE3229EB2CB00BA1525 /* Release */ = {
			isa = XCBuildConfiguration;
			buildSettings = {
				ASSETCATALOG_COMPILER_APPICON_NAME = AppIcon;
				CODE_SIGN_STYLE = Automatic;
				DEVELOPMENT_TEAM = RKVSSJM9UR;
				INFOPLIST_FILE = MVVMProject/Info.plist;
				LD_RUNPATH_SEARCH_PATHS = (
					"$(inherited)",
					"@executable_path/Frameworks",
				);
				PRODUCT_BUNDLE_IDENTIFIER = com.BrightCreations.MVVMProject;
				PRODUCT_NAME = "$(TARGET_NAME)";
				SWIFT_VERSION = 4.2;
				TARGETED_DEVICE_FAMILY = "1,2";
			};
			name = Release;
		};
/* End XCBuildConfiguration section */

/* Begin XCConfigurationList section */
		5144BFC7229EB2CA00BA1525 /* Build configuration list for PBXProject "MVVMProject" */ = {
			isa = XCConfigurationList;
			buildConfigurations = (
				5144BFDF229EB2CB00BA1525 /* Debug */,
				5144BFE0229EB2CB00BA1525 /* Release */,
			);
			defaultConfigurationIsVisible = 0;
			defaultConfigurationName = Release;
		};
		5144BFE1229EB2CB00BA1525 /* Build configuration list for PBXNativeTarget "MVVMProject" */ = {
			isa = XCConfigurationList;
			buildConfigurations = (
				5144BFE2229EB2CB00BA1525 /* Debug */,
				5144BFE3229EB2CB00BA1525 /* Release */,
			);
			defaultConfigurationIsVisible = 0;
			defaultConfigurationName = Release;
		};
/* End XCConfigurationList section */

/* Begin XCVersionGroup section */
		5144BFD6229EB2CA00BA1525 /* MVVMProject.xcdatamodeld */ = {
			isa = XCVersionGroup;
			children = (
				5144BFD7229EB2CA00BA1525 /* MVVMProject.xcdatamodel */,
			);
			currentVersion = 5144BFD7229EB2CA00BA1525 /* MVVMProject.xcdatamodel */;
			path = MVVMProject.xcdatamodeld;
			sourceTree = "<group>";
			versionGroupType = wrapper.xcdatamodel;
		};
/* End XCVersionGroup section */
	};
	rootObject = 5144BFC4229EB2CA00BA1525 /* Project object */;
}
